
Microsoft Visual Studio Solution File, Format Version 12.00
# Visual Studio Version 17
VisualStudioVersion = 17.8.34330.188
MinimumVisualStudioVersion = 10.0.40219.1
Project("{2150E333-8FDC-42A3-9474-1A3956D46DE8}") = "ソリューション項目", "ソリューション項目", "{01BBA1D6-EBA7-485D-A7AC-4BA6649E9C7B}"
	ProjectSection(SolutionItems) = preProject
		index.html = index.html
		Script_Command.js = Script_Command.js
		StyleSheet_Command.css = StyleSheet_Command.css
	EndProjectSection
EndProject
Global
	GlobalSection(SolutionProperties) = preSolution
		HideSolutionNode = FALSE
	EndGlobalSection
	GlobalSection(ExtensibilityGlobals) = postSolution
		SolutionGuid = {2502097E-2CE0-4C48-B4F6-8898F46A3A5B}
	EndGlobalSection
EndGlobal
